
Microsoft Visual Studio Solution File, Format Version 12.00
# Visual Studio Version 17
VisualStudioVersion = 17.12.35527.113
MinimumVisualStudioVersion = 10.0.40219.1
Project("{FAE04EC0-301F-11D3-BF4B-00C04F79EFBC}") = "CRUDProyecto", "CRUDProyecto\CRUDProyecto.csproj", "{95C75167-F88B-447B-903C-A5B7A893EAFF}"
EndProject
Project("{FAE04EC0-301F-11D3-BF4B-00C04F79EFBC}") = "BibliotecaMusical.EntityLayer", "BibliotecaMusical.EntityLayer\BibliotecaMusical.EntityLayer.csproj", "{B3A8975B-A14D-4A97-936A-8E31B314C168}"
EndProject
Project("{FAE04EC0-301F-11D3-BF4B-00C04F79EFBC}") = "BibliotecaMusical.DataLayer", "BibliotecaMusical.DataLayer\BibliotecaMusical.DataLayer.csproj", "{A54015A4-39D7-4043-930D-BBF77608C624}"
EndProject
Project("{FAE04EC0-301F-11D3-BF4B-00C04F79EFBC}") = "BibliotecaMusical.BusinessLayer", "BibliotecaMusical.BusinessLayer\BibliotecaMusical.BusinessLayer.csproj", "{2946970E-5435-46AF-9961-0240BF1A0498}"
EndProject
Global
	GlobalSection(SolutionConfigurationPlatforms) = preSolution
		Debug|Any CPU = Debug|Any CPU
		Release|Any CPU = Release|Any CPU
	EndGlobalSection
	GlobalSection(ProjectConfigurationPlatforms) = postSolution
		{95C75167-F88B-447B-903C-A5B7A893EAFF}.Debug|Any CPU.ActiveCfg = Debug|Any CPU
		{95C75167-F88B-447B-903C-A5B7A893EAFF}.Debug|Any CPU.Build.0 = Debug|Any CPU
		{95C75167-F88B-447B-903C-A5B7A893EAFF}.Release|Any CPU.ActiveCfg = Release|Any CPU
		{95C75167-F88B-447B-903C-A5B7A893EAFF}.Release|Any CPU.Build.0 = Release|Any CPU
		{B3A8975B-A14D-4A97-936A-8E31B314C168}.Debug|Any CPU.ActiveCfg = Debug|Any CPU
		{B3A8975B-A14D-4A97-936A-8E31B314C168}.Debug|Any CPU.Build.0 = Debug|Any CPU
		{B3A8975B-A14D-4A97-936A-8E31B314C168}.Release|Any CPU.ActiveCfg = Release|Any CPU
		{B3A8975B-A14D-4A97-936A-8E31B314C168}.Release|Any CPU.Build.0 = Release|Any CPU
		{A54015A4-39D7-4043-930D-BBF77608C624}.Debug|Any CPU.ActiveCfg = Debug|Any CPU
		{A54015A4-39D7-4043-930D-BBF77608C624}.Debug|Any CPU.Build.0 = Debug|Any CPU
		{A54015A4-39D7-4043-930D-BBF77608C624}.Release|Any CPU.ActiveCfg = Release|Any CPU
		{A54015A4-39D7-4043-930D-BBF77608C624}.Release|Any CPU.Build.0 = Release|Any CPU
		{2946970E-5435-46AF-9961-0240BF1A0498}.Debug|Any CPU.ActiveCfg = Debug|Any CPU
		{2946970E-5435-46AF-9961-0240BF1A0498}.Debug|Any CPU.Build.0 = Debug|Any CPU
		{2946970E-5435-46AF-9961-0240BF1A0498}.Release|Any CPU.ActiveCfg = Release|Any CPU
		{2946970E-5435-46AF-9961-0240BF1A0498}.Release|Any CPU.Build.0 = Release|Any CPU
	EndGlobalSection
	GlobalSection(SolutionProperties) = preSolution
		HideSolutionNode = FALSE
	EndGlobalSection
EndGlobal
